
Microsoft Visual Studio Solution File, Format Version 11.00
# Visual Studio 2010
Project("{FAE04EC0-301F-11D3-BF4B-00C04F79EFBC}") = "Domain", "Domain\Domain.csproj", "{A27257BB-515E-4A54-883B-B45F5EB06C68}"
EndProject
Project("{FAE04EC0-301F-11D3-BF4B-00C04F79EFBC}") = "Application", "Application\Application.csproj", "{5F5328B9-5DF7-46B2-A6BD-5ED502AE7510}"
EndProject
Project("{FAE04EC0-301F-11D3-BF4B-00C04F79EFBC}") = "Tests", "Tests\Tests.csproj", "{B64D8903-F1D1-437E-B8E9-D2C3046651B3}"
EndProject
Project("{FAE04EC0-301F-11D3-BF4B-00C04F79EFBC}") = "Infrastructure", "Infrastructure\Infrastructure.csproj", "{507D430A-FF27-43CF-A537-753F8C5201A1}"
EndProject
Global
	GlobalSection(SolutionConfigurationPlatforms) = preSolution
		Debug|Any CPU = Debug|Any CPU
		Debug|x86 = Debug|x86
		Release|Any CPU = Release|Any CPU
		Release|x86 = Release|x86
	EndGlobalSection
	GlobalSection(ProjectConfigurationPlatforms) = postSolution
		{A27257BB-515E-4A54-883B-B45F5EB06C68}.Debug|Any CPU.ActiveCfg = Debug|Any CPU
		{A27257BB-515E-4A54-883B-B45F5EB06C68}.Debug|Any CPU.Build.0 = Debug|Any CPU
		{A27257BB-515E-4A54-883B-B45F5EB06C68}.Debug|x86.ActiveCfg = Debug|Any CPU
		{A27257BB-515E-4A54-883B-B45F5EB06C68}.Release|Any CPU.ActiveCfg = Release|Any CPU
		{A27257BB-515E-4A54-883B-B45F5EB06C68}.Release|Any CPU.Build.0 = Release|Any CPU
		{A27257BB-515E-4A54-883B-B45F5EB06C68}.Release|x86.ActiveCfg = Release|Any CPU
		{5F5328B9-5DF7-46B2-A6BD-5ED502AE7510}.Debug|Any CPU.ActiveCfg = Debug|Any CPU
		{5F5328B9-5DF7-46B2-A6BD-5ED502AE7510}.Debug|Any CPU.Build.0 = Debug|Any CPU
		{5F5328B9-5DF7-46B2-A6BD-5ED502AE7510}.Debug|x86.ActiveCfg = Debug|Any CPU
		{5F5328B9-5DF7-46B2-A6BD-5ED502AE7510}.Release|Any CPU.ActiveCfg = Release|Any CPU
		{5F5328B9-5DF7-46B2-A6BD-5ED502AE7510}.Release|Any CPU.Build.0 = Release|Any CPU
		{5F5328B9-5DF7-46B2-A6BD-5ED502AE7510}.Release|x86.ActiveCfg = Release|Any CPU
		{B64D8903-F1D1-437E-B8E9-D2C3046651B3}.Debug|Any CPU.ActiveCfg = Debug|x64
		{B64D8903-F1D1-437E-B8E9-D2C3046651B3}.Debug|Any CPU.Build.0 = Debug|x64
		{B64D8903-F1D1-437E-B8E9-D2C3046651B3}.Debug|x86.ActiveCfg = Debug|Any CPU
		{B64D8903-F1D1-437E-B8E9-D2C3046651B3}.Release|Any CPU.ActiveCfg = Release|Any CPU
		{B64D8903-F1D1-437E-B8E9-D2C3046651B3}.Release|Any CPU.Build.0 = Release|Any CPU
		{B64D8903-F1D1-437E-B8E9-D2C3046651B3}.Release|x86.ActiveCfg = Release|Any CPU
		{507D430A-FF27-43CF-A537-753F8C5201A1}.Debug|Any CPU.ActiveCfg = Debug|Any CPU
		{507D430A-FF27-43CF-A537-753F8C5201A1}.Debug|Any CPU.Build.0 = Debug|Any CPU
		{507D430A-FF27-43CF-A537-753F8C5201A1}.Debug|x86.ActiveCfg = Debug|Any CPU
		{507D430A-FF27-43CF-A537-753F8C5201A1}.Release|Any CPU.ActiveCfg = Release|Any CPU
		{507D430A-FF27-43CF-A537-753F8C5201A1}.Release|Any CPU.Build.0 = Release|Any CPU
		{507D430A-FF27-43CF-A537-753F8C5201A1}.Release|x86.ActiveCfg = Release|Any CPU
	EndGlobalSection
	GlobalSection(SolutionProperties) = preSolution
		HideSolutionNode = FALSE
	EndGlobalSection
EndGlobal
